
Microsoft Visual Studio Solution File, Format Version 12.00
# Visual Studio Version 17
VisualStudioVersion = 17.8.34330.188
MinimumVisualStudioVersion = 10.0.40219.1
Project("{9A19103F-16F7-4668-BE54-9A1E7A4F7556}") = "SettingsApplicationNewMaui", "SettingsApplicationNewMaui\SettingsApplicationNewMaui.csproj", "{2BBFC078-2954-4C77-95C5-8569BB5FE414}"
EndProject
Project("{FAE04EC0-301F-11D3-BF4B-00C04F79EFBC}") = "SettingsApplicationNewMaui.Api", "SettingsApplicationNewMaui.Api\SettingsApplicationNewMaui.Api.csproj", "{247A2990-C735-40C3-85DF-8004969A8097}"
EndProject
Global
	GlobalSection(SolutionConfigurationPlatforms) = preSolution
		Debug|Any CPU = Debug|Any CPU
		Debug|ARM64 = Debug|ARM64
		Debug|x64 = Debug|x64
		Debug|x86 = Debug|x86
		Release|Any CPU = Release|Any CPU
		Release|ARM64 = Release|ARM64
		Release|x64 = Release|x64
		Release|x86 = Release|x86
	EndGlobalSection
	GlobalSection(ProjectConfigurationPlatforms) = postSolution
		{2BBFC078-2954-4C77-95C5-8569BB5FE414}.Debug|Any CPU.ActiveCfg = Debug|Any CPU
		{2BBFC078-2954-4C77-95C5-8569BB5FE414}.Debug|Any CPU.Build.0 = Debug|Any CPU
		{2BBFC078-2954-4C77-95C5-8569BB5FE414}.Debug|Any CPU.Deploy.0 = Debug|Any CPU
		{2BBFC078-2954-4C77-95C5-8569BB5FE414}.Debug|ARM64.ActiveCfg = Debug|Any CPU
		{2BBFC078-2954-4C77-95C5-8569BB5FE414}.Debug|ARM64.Build.0 = Debug|Any CPU
		{2BBFC078-2954-4C77-95C5-8569BB5FE414}.Debug|ARM64.Deploy.0 = Debug|Any CPU
		{2BBFC078-2954-4C77-95C5-8569BB5FE414}.Debug|x64.ActiveCfg = Debug|Any CPU
		{2BBFC078-2954-4C77-95C5-8569BB5FE414}.Debug|x64.Build.0 = Debug|Any CPU
		{2BBFC078-2954-4C77-95C5-8569BB5FE414}.Debug|x64.Deploy.0 = Debug|Any CPU
		{2BBFC078-2954-4C77-95C5-8569BB5FE414}.Debug|x86.ActiveCfg = Debug|Any CPU
		{2BBFC078-2954-4C77-95C5-8569BB5FE414}.Debug|x86.Build.0 = Debug|Any CPU
		{2BBFC078-2954-4C77-95C5-8569BB5FE414}.Debug|x86.Deploy.0 = Debug|Any CPU
		{2BBFC078-2954-4C77-95C5-8569BB5FE414}.Release|Any CPU.ActiveCfg = Release|Any CPU
		{2BBFC078-2954-4C77-95C5-8569BB5FE414}.Release|Any CPU.Build.0 = Release|Any CPU
		{2BBFC078-2954-4C77-95C5-8569BB5FE414}.Release|Any CPU.Deploy.0 = Release|Any CPU
		{2BBFC078-2954-4C77-95C5-8569BB5FE414}.Release|ARM64.ActiveCfg = Release|Any CPU
		{2BBFC078-2954-4C77-95C5-8569BB5FE414}.Release|ARM64.Build.0 = Release|Any CPU
		{2BBFC078-2954-4C77-95C5-8569BB5FE414}.Release|ARM64.Deploy.0 = Release|Any CPU
		{2BBFC078-2954-4C77-95C5-8569BB5FE414}.Release|x64.ActiveCfg = Release|Any CPU
		{2BBFC078-2954-4C77-95C5-8569BB5FE414}.Release|x64.Build.0 = Release|Any CPU
		{2BBFC078-2954-4C77-95C5-8569BB5FE414}.Release|x64.Deploy.0 = Release|Any CPU
		{2BBFC078-2954-4C77-95C5-8569BB5FE414}.Release|x86.ActiveCfg = Release|Any CPU
		{2BBFC078-2954-4C77-95C5-8569BB5FE414}.Release|x86.Build.0 = Release|Any CPU
		{2BBFC078-2954-4C77-95C5-8569BB5FE414}.Release|x86.Deploy.0 = Release|Any CPU
		{247A2990-C735-40C3-85DF-8004969A8097}.Debug|Any CPU.ActiveCfg = Debug|Any CPU
		{247A2990-C735-40C3-85DF-8004969A8097}.Debug|Any CPU.Build.0 = Debug|Any CPU
		{247A2990-C735-40C3-85DF-8004969A8097}.Debug|ARM64.ActiveCfg = Debug|Any CPU
		{247A2990-C735-40C3-85DF-8004969A8097}.Debug|ARM64.Build.0 = Debug|Any CPU
		{247A2990-C735-40C3-85DF-8004969A8097}.Debug|x64.ActiveCfg = Debug|Any CPU
		{247A2990-C735-40C3-85DF-8004969A8097}.Debug|x64.Build.0 = Debug|Any CPU
		{247A2990-C735-40C3-85DF-8004969A8097}.Debug|x86.ActiveCfg = Debug|Any CPU
		{247A2990-C735-40C3-85DF-8004969A8097}.Debug|x86.Build.0 = Debug|Any CPU
		{247A2990-C735-40C3-85DF-8004969A8097}.Release|Any CPU.ActiveCfg = Release|Any CPU
		{247A2990-C735-40C3-85DF-8004969A8097}.Release|Any CPU.Build.0 = Release|Any CPU
		{247A2990-C735-40C3-85DF-8004969A8097}.Release|ARM64.ActiveCfg = Release|Any CPU
		{247A2990-C735-40C3-85DF-8004969A8097}.Release|ARM64.Build.0 = Release|Any CPU
		{247A2990-C735-40C3-85DF-8004969A8097}.Release|x64.ActiveCfg = Release|Any CPU
		{247A2990-C735-40C3-85DF-8004969A8097}.Release|x64.Build.0 = Release|Any CPU
		{247A2990-C735-40C3-85DF-8004969A8097}.Release|x86.ActiveCfg = Release|Any CPU
		{247A2990-C735-40C3-85DF-8004969A8097}.Release|x86.Build.0 = Release|Any CPU
	EndGlobalSection
	GlobalSection(SolutionProperties) = preSolution
		HideSolutionNode = FALSE
	EndGlobalSection
	GlobalSection(ExtensibilityGlobals) = postSolution
		SolutionGuid = {1185F6B7-5EE8-490F-BBDF-B0820755A1BD}
	EndGlobalSection
EndGlobal
